// !$*UTF8*$!
{
	archiveVersion = 1;
	classes = {
	};
	objectVersion = 77;
	objects = {

/* Begin PBXBuildFile section */
		CE77352A2D4D6F4E00801637 /* SDWebImageSwiftUI in Frameworks */ = {isa = PBXBuildFile; productRef = CE7735292D4D6F4E00801637 /* SDWebImageSwiftUI */; };
		CEB4E3C52D4D8B8D000A45F9 /* Kingfisher in Frameworks */ = {isa = PBXBuildFile; productRef = CEB4E3C42D4D8B8D000A45F9 /* Kingfisher */; };
/* End PBXBuildFile section */

/* Begin PBXContainerItemProxy section */
		CE77350C2D4D6C6C00801637 /* PBXContainerItemProxy */ = {
			isa = PBXContainerItemProxy;
			containerPortal = CE7734F32D4D6C6A00801637 /* Project object */;
			proxyType = 1;
			remoteGlobalIDString = CE7734FA2D4D6C6A00801637;
			remoteInfo = SwiftfulThinkingSPMsAndSDKs;
		};
		CE7735162D4D6C6C00801637 /* PBXContainerItemProxy */ = {
			isa = PBXContainerItemProxy;
			containerPortal = CE7734F32D4D6C6A00801637 /* Project object */;
			proxyType = 1;
			remoteGlobalIDString = CE7734FA2D4D6C6A00801637;
			remoteInfo = SwiftfulThinkingSPMsAndSDKs;
		};
/* End PBXContainerItemProxy section */

/* Begin PBXFileReference section */
		CE7734FB2D4D6C6A00801637 /* SwiftfulThinkingSPMsAndSDKs.app */ = {isa = PBXFileReference; explicitFileType = wrapper.application; includeInIndex = 0; path = SwiftfulThinkingSPMsAndSDKs.app; sourceTree = BUILT_PRODUCTS_DIR; };
		CE77350B2D4D6C6C00801637 /* SwiftfulThinkingSPMsAndSDKsTests.xctest */ = {isa = PBXFileReference; explicitFileType = wrapper.cfbundle; includeInIndex = 0; path = SwiftfulThinkingSPMsAndSDKsTests.xctest; sourceTree = BUILT_PRODUCTS_DIR; };
		CE7735152D4D6C6C00801637 /* SwiftfulThinkingSPMsAndSDKsUITests.xctest */ = {isa = PBXFileReference; explicitFileType = wrapper.cfbundle; includeInIndex = 0; path = SwiftfulThinkingSPMsAndSDKsUITests.xctest; sourceTree = BUILT_PRODUCTS_DIR; };
/* End PBXFileReference section */

/* Begin PBXFileSystemSynchronizedRootGroup section */
		CE7734FD2D4D6C6A00801637 /* SwiftfulThinkingSPMsAndSDKs */ = {
			isa = PBXFileSystemSynchronizedRootGroup;
			path = SwiftfulThinkingSPMsAndSDKs;
			sourceTree = "<group>";
		};
		CE77350E2D4D6C6C00801637 /* SwiftfulThinkingSPMsAndSDKsTests */ = {
			isa = PBXFileSystemSynchronizedRootGroup;
			path = SwiftfulThinkingSPMsAndSDKsTests;
			sourceTree = "<group>";
		};
		CE7735182D4D6C6C00801637 /* SwiftfulThinkingSPMsAndSDKsUITests */ = {
			isa = PBXFileSystemSynchronizedRootGroup;
			path = SwiftfulThinkingSPMsAndSDKsUITests;
			sourceTree = "<group>";
		};
/* End PBXFileSystemSynchronizedRootGroup section */

/* Begin PBXFrameworksBuildPhase section */
		CE7734F82D4D6C6A00801637 /* Frameworks */ = {
			isa = PBXFrameworksBuildPhase;
			buildActionMask = 2147483647;
			files = (
				CEB4E3C52D4D8B8D000A45F9 /* Kingfisher in Frameworks */,
				CE77352A2D4D6F4E00801637 /* SDWebImageSwiftUI in Frameworks */,
			);
			runOnlyForDeploymentPostprocessing = 0;
		};
		CE7735082D4D6C6C00801637 /* Frameworks */ = {
			isa = PBXFrameworksBuildPhase;
			buildActionMask = 2147483647;
			files = (
			);
			runOnlyForDeploymentPostprocessing = 0;
		};
		CE7735122D4D6C6C00801637 /* Frameworks */ = {
			isa = PBXFrameworksBuildPhase;
			buildActionMask = 2147483647;
			files = (
			);
			runOnlyForDeploymentPostprocessing = 0;
		};
/* End PBXFrameworksBuildPhase section */

/* Begin PBXGroup section */
		CE7734F22D4D6C6A00801637 = {
			isa = PBXGroup;
			children = (
				CE7734FD2D4D6C6A00801637 /* SwiftfulThinkingSPMsAndSDKs */,
				CE77350E2D4D6C6C00801637 /* SwiftfulThinkingSPMsAndSDKsTests */,
				CE7735182D4D6C6C00801637 /* SwiftfulThinkingSPMsAndSDKsUITests */,
				CE7734FC2D4D6C6A00801637 /* Products */,
			);
			sourceTree = "<group>";
		};
		CE7734FC2D4D6C6A00801637 /* Products */ = {
			isa = PBXGroup;
			children = (
				CE7734FB2D4D6C6A00801637 /* SwiftfulThinkingSPMsAndSDKs.app */,
				CE77350B2D4D6C6C00801637 /* SwiftfulThinkingSPMsAndSDKsTests.xctest */,
				CE7735152D4D6C6C00801637 /* SwiftfulThinkingSPMsAndSDKsUITests.xctest */,
			);
			name = Products;
			sourceTree = "<group>";
		};
/* End PBXGroup section */

/* Begin PBXNativeTarget section */
		CE7734FA2D4D6C6A00801637 /* SwiftfulThinkingSPMsAndSDKs */ = {
			isa = PBXNativeTarget;
			buildConfigurationList = CE77351F2D4D6C6C00801637 /* Build configuration list for PBXNativeTarget "SwiftfulThinkingSPMsAndSDKs" */;
			buildPhases = (
				CE7734F72D4D6C6A00801637 /* Sources */,
				CE7734F82D4D6C6A00801637 /* Frameworks */,
				CE7734F92D4D6C6A00801637 /* Resources */,
			);
			buildRules = (
			);
			dependencies = (
			);
			fileSystemSynchronizedGroups = (
				CE7734FD2D4D6C6A00801637 /* SwiftfulThinkingSPMsAndSDKs */,
			);
			name = SwiftfulThinkingSPMsAndSDKs;
			packageProductDependencies = (
				CE7735292D4D6F4E00801637 /* SDWebImageSwiftUI */,
				CEB4E3C42D4D8B8D000A45F9 /* Kingfisher */,
			);
			productName = SwiftfulThinkingSPMsAndSDKs;
			productReference = CE7734FB2D4D6C6A00801637 /* SwiftfulThinkingSPMsAndSDKs.app */;
			productType = "com.apple.product-type.application";
		};
		CE77350A2D4D6C6C00801637 /* SwiftfulThinkingSPMsAndSDKsTests */ = {
			isa = PBXNativeTarget;
			buildConfigurationList = CE7735222D4D6C6C00801637 /* Build configuration list for PBXNativeTarget "SwiftfulThinkingSPMsAndSDKsTests" */;
			buildPhases = (
				CE7735072D4D6C6C00801637 /* Sources */,
				CE7735082D4D6C6C00801637 /* Frameworks */,
				CE7735092D4D6C6C00801637 /* Resources */,
			);
			buildRules = (
			);
			dependencies = (
				CE77350D2D4D6C6C00801637 /* PBXTargetDependency */,
			);
			fileSystemSynchronizedGroups = (
				CE77350E2D4D6C6C00801637 /* SwiftfulThinkingSPMsAndSDKsTests */,
			);
			name = SwiftfulThinkingSPMsAndSDKsTests;
			packageProductDependencies = (
			);
			productName = SwiftfulThinkingSPMsAndSDKsTests;
			productReference = CE77350B2D4D6C6C00801637 /* SwiftfulThinkingSPMsAndSDKsTests.xctest */;
			productType = "com.apple.product-type.bundle.unit-test";
		};
		CE7735142D4D6C6C00801637 /* SwiftfulThinkingSPMsAndSDKsUITests */ = {
			isa = PBXNativeTarget;
			buildConfigurationList = CE7735252D4D6C6C00801637 /* Build configuration list for PBXNativeTarget "SwiftfulThinkingSPMsAndSDKsUITests" */;
			buildPhases = (
				CE7735112D4D6C6C00801637 /* Sources */,
				CE7735122D4D6C6C00801637 /* Frameworks */,
				CE7735132D4D6C6C00801637 /* Resources */,
			);
			buildRules = (
			);
			dependencies = (
				CE7735172D4D6C6C00801637 /* PBXTargetDependency */,
			);
			fileSystemSynchronizedGroups = (
				CE7735182D4D6C6C00801637 /* SwiftfulThinkingSPMsAndSDKsUITests */,
			);
			name = SwiftfulThinkingSPMsAndSDKsUITests;
			packageProductDependencies = (
			);
			productName = SwiftfulThinkingSPMsAndSDKsUITests;
			productReference = CE7735152D4D6C6C00801637 /* SwiftfulThinkingSPMsAndSDKsUITests.xctest */;
			productType = "com.apple.product-type.bundle.ui-testing";
		};
/* End PBXNativeTarget section */

/* Begin PBXProject section */
		CE7734F32D4D6C6A00801637 /* Project object */ = {
			isa = PBXProject;
			attributes = {
				BuildIndependentTargetsInParallel = 1;
				LastSwiftUpdateCheck = 1620;
				LastUpgradeCheck = 1620;
				TargetAttributes = {
					CE7734FA2D4D6C6A00801637 = {
						CreatedOnToolsVersion = 16.2;
					};
					CE77350A2D4D6C6C00801637 = {
						CreatedOnToolsVersion = 16.2;
						TestTargetID = CE7734FA2D4D6C6A00801637;
					};
					CE7735142D4D6C6C00801637 = {
						CreatedOnToolsVersion = 16.2;
						TestTargetID = CE7734FA2D4D6C6A00801637;
					};
				};
			};
			buildConfigurationList = CE7734F62D4D6C6A00801637 /* Build configuration list for PBXProject "SwiftfulThinkingSPMsAndSDKs" */;
			developmentRegion = en;
			hasScannedForEncodings = 0;
			knownRegions = (
				en,
				Base,
			);
			mainGroup = CE7734F22D4D6C6A00801637;
			minimizedProjectReferenceProxies = 1;
			packageReferences = (
				CE7735282D4D6F4E00801637 /* XCRemoteSwiftPackageReference "SDWebImageSwiftUI" */,
				CEB4E3C32D4D8B8D000A45F9 /* XCRemoteSwiftPackageReference "Kingfisher" */,
			);
			preferredProjectObjectVersion = 77;
			productRefGroup = CE7734FC2D4D6C6A00801637 /* Products */;
			projectDirPath = "";
			projectRoot = "";
			targets = (
				CE7734FA2D4D6C6A00801637 /* SwiftfulThinkingSPMsAndSDKs */,
				CE77350A2D4D6C6C00801637 /* SwiftfulThinkingSPMsAndSDKsTests */,
				CE7735142D4D6C6C00801637 /* SwiftfulThinkingSPMsAndSDKsUITests */,
			);
		};
/* End PBXProject section */

/* Begin PBXResourcesBuildPhase section */
		CE7734F92D4D6C6A00801637 /* Resources */ = {
			isa = PBXResourcesBuildPhase;
			buildActionMask = 2147483647;
			files = (
			);
			runOnlyForDeploymentPostprocessing = 0;
		};
		CE7735092D4D6C6C00801637 /* Resources */ = {
			isa = PBXResourcesBuildPhase;
			buildActionMask = 2147483647;
			files = (
			);
			runOnlyForDeploymentPostprocessing = 0;
		};
		CE7735132D4D6C6C00801637 /* Resources */ = {
			isa = PBXResourcesBuildPhase;
			buildActionMask = 2147483647;
			files = (
			);
			runOnlyForDeploymentPostprocessing = 0;
		};
/* End PBXResourcesBuildPhase section */

/* Begin PBXSourcesBuildPhase section */
		CE7734F72D4D6C6A00801637 /* Sources */ = {
			isa = PBXSourcesBuildPhase;
			buildActionMask = 2147483647;
			files = (
			);
			runOnlyForDeploymentPostprocessing = 0;
		};
		CE7735072D4D6C6C00801637 /* Sources */ = {
			isa = PBXSourcesBuildPhase;
			buildActionMask = 2147483647;
			files = (
			);
			runOnlyForDeploymentPostprocessing = 0;
		};
		CE7735112D4D6C6C00801637 /* Sources */ = {
			isa = PBXSourcesBuildPhase;
			buildActionMask = 2147483647;
			files = (
			);
			runOnlyForDeploymentPostprocessing = 0;
		};
/* End PBXSourcesBuildPhase section */

/* Begin PBXTargetDependency section */
		CE77350D2D4D6C6C00801637 /* PBXTargetDependency */ = {
			isa = PBXTargetDependency;
			target = CE7734FA2D4D6C6A00801637 /* SwiftfulThinkingSPMsAndSDKs */;
			targetProxy = CE77350C2D4D6C6C00801637 /* PBXContainerItemProxy */;
		};
		CE7735172D4D6C6C00801637 /* PBXTargetDependency */ = {
			isa = PBXTargetDependency;
			target = CE7734FA2D4D6C6A00801637 /* SwiftfulThinkingSPMsAndSDKs */;
			targetProxy = CE7735162D4D6C6C00801637 /* PBXContainerItemProxy */;
		};
/* End PBXTargetDependency section */

/* Begin XCBuildConfiguration section */
		CE77351D2D4D6C6C00801637 /* Debug */ = {
			isa = XCBuildConfiguration;
			buildSettings = {
				ALWAYS_SEARCH_USER_PATHS = NO;
				ASSETCATALOG_COMPILER_GENERATE_SWIFT_ASSET_SYMBOL_EXTENSIONS = YES;
				CLANG_ANALYZER_NONNULL = YES;
				CLANG_ANALYZER_NUMBER_OBJECT_CONVERSION = YES_AGGRESSIVE;
				CLANG_CXX_LANGUAGE_STANDARD = "gnu++20";
				CLANG_ENABLE_MODULES = YES;
				CLANG_ENABLE_OBJC_ARC = YES;
				CLANG_ENABLE_OBJC_WEAK = YES;
				CLANG_WARN_BLOCK_CAPTURE_AUTORELEASING = YES;
				CLANG_WARN_BOOL_CONVERSION = YES;
				CLANG_WARN_COMMA = YES;
				CLANG_WARN_CONSTANT_CONVERSION = YES;
				CLANG_WARN_DEPRECATED_OBJC_IMPLEMENTATIONS = YES;
				CLANG_WARN_DIRECT_OBJC_ISA_USAGE = YES_ERROR;
				CLANG_WARN_DOCUMENTATION_COMMENTS = YES;
				CLANG_WARN_EMPTY_BODY = YES;
				CLANG_WARN_ENUM_CONVERSION = YES;
				CLANG_WARN_INFINITE_RECURSION = YES;
				CLANG_WARN_INT_CONVERSION = YES;
				CLANG_WARN_NON_LITERAL_NULL_CONVERSION = YES;
				CLANG_WARN_OBJC_IMPLICIT_RETAIN_SELF = YES;
				CLANG_WARN_OBJC_LITERAL_CONVERSION = YES;
				CLANG_WARN_OBJC_ROOT_CLASS = YES_ERROR;
				CLANG_WARN_QUOTED_INCLUDE_IN_FRAMEWORK_HEADER = YES;
				CLANG_WARN_RANGE_LOOP_ANALYSIS = YES;
				CLANG_WARN_STRICT_PROTOTYPES = YES;
				CLANG_WARN_SUSPICIOUS_MOVE = YES;
				CLANG_WARN_UNGUARDED_AVAILABILITY = YES_AGGRESSIVE;
				CLANG_WARN_UNREACHABLE_CODE = YES;
				CLANG_WARN__DUPLICATE_METHOD_MATCH = YES;
				COPY_PHASE_STRIP = NO;
				DEBUG_INFORMATION_FORMAT = dwarf;
				ENABLE_STRICT_OBJC_MSGSEND = YES;
				ENABLE_TESTABILITY = YES;
				ENABLE_USER_SCRIPT_SANDBOXING = YES;
				GCC_C_LANGUAGE_STANDARD = gnu17;
				GCC_DYNAMIC_NO_PIC = NO;
				GCC_NO_COMMON_BLOCKS = YES;
				GCC_OPTIMIZATION_LEVEL = 0;
				GCC_PREPROCESSOR_DEFINITIONS = (
					"DEBUG=1",
					"$(inherited)",
				);
				GCC_WARN_64_TO_32_BIT_CONVERSION = YES;
				GCC_WARN_ABOUT_RETURN_TYPE = YES_ERROR;
				GCC_WARN_UNDECLARED_SELECTOR = YES;
				GCC_WARN_UNINITIALIZED_AUTOS = YES_AGGRESSIVE;
				GCC_WARN_UNUSED_FUNCTION = YES;
				GCC_WARN_UNUSED_VARIABLE = YES;
				IPHONEOS_DEPLOYMENT_TARGET = 18.2;
				LOCALIZATION_PREFERS_STRING_CATALOGS = YES;
				MTL_ENABLE_DEBUG_INFO = INCLUDE_SOURCE;
				MTL_FAST_MATH = YES;
				ONLY_ACTIVE_ARCH = YES;
				SDKROOT = iphoneos;
				SWIFT_ACTIVE_COMPILATION_CONDITIONS = "DEBUG $(inherited)";
				SWIFT_OPTIMIZATION_LEVEL = "-Onone";
			};
			name = Debug;
		};
		CE77351E2D4D6C6C00801637 /* Release */ = {
			isa = XCBuildConfiguration;
			buildSettings = {
				ALWAYS_SEARCH_USER_PATHS = NO;
				ASSETCATALOG_COMPILER_GENERATE_SWIFT_ASSET_SYMBOL_EXTENSIONS = YES;
				CLANG_ANALYZER_NONNULL = YES;
				CLANG_ANALYZER_NUMBER_OBJECT_CONVERSION = YES_AGGRESSIVE;
				CLANG_CXX_LANGUAGE_STANDARD = "gnu++20";
				CLANG_ENABLE_MODULES = YES;
				CLANG_ENABLE_OBJC_ARC = YES;
				CLANG_ENABLE_OBJC_WEAK = YES;
				CLANG_WARN_BLOCK_CAPTURE_AUTORELEASING = YES;
				CLANG_WARN_BOOL_CONVERSION = YES;
				CLANG_WARN_COMMA = YES;
				CLANG_WARN_CONSTANT_CONVERSION = YES;
				CLANG_WARN_DEPRECATED_OBJC_IMPLEMENTATIONS = YES;
				CLANG_WARN_DIRECT_OBJC_ISA_USAGE = YES_ERROR;
				CLANG_WARN_DOCUMENTATION_COMMENTS = YES;
				CLANG_WARN_EMPTY_BODY = YES;
				CLANG_WARN_ENUM_CONVERSION = YES;
				CLANG_WARN_INFINITE_RECURSION = YES;
				CLANG_WARN_INT_CONVERSION = YES;
				CLANG_WARN_NON_LITERAL_NULL_CONVERSION = YES;
				CLANG_WARN_OBJC_IMPLICIT_RETAIN_SELF = YES;
				CLANG_WARN_OBJC_LITERAL_CONVERSION = YES;
				CLANG_WARN_OBJC_ROOT_CLASS = YES_ERROR;
				CLANG_WARN_QUOTED_INCLUDE_IN_FRAMEWORK_HEADER = YES;
				CLANG_WARN_RANGE_LOOP_ANALYSIS = YES;
				CLANG_WARN_STRICT_PROTOTYPES = YES;
				CLANG_WARN_SUSPICIOUS_MOVE = YES;
				CLANG_WARN_UNGUARDED_AVAILABILITY = YES_AGGRESSIVE;
				CLANG_WARN_UNREACHABLE_CODE = YES;
				CLANG_WARN__DUPLICATE_METHOD_MATCH = YES;
				COPY_PHASE_STRIP = NO;
				DEBUG_INFORMATION_FORMAT = "dwarf-with-dsym";
				ENABLE_NS_ASSERTIONS = NO;
				ENABLE_STRICT_OBJC_MSGSEND = YES;
				ENABLE_USER_SCRIPT_SANDBOXING = YES;
				GCC_C_LANGUAGE_STANDARD = gnu17;
				GCC_NO_COMMON_BLOCKS = YES;
				GCC_WARN_64_TO_32_BIT_CONVERSION = YES;
				GCC_WARN_ABOUT_RETURN_TYPE = YES_ERROR;
				GCC_WARN_UNDECLARED_SELECTOR = YES;
				GCC_WARN_UNINITIALIZED_AUTOS = YES_AGGRESSIVE;
				GCC_WARN_UNUSED_FUNCTION = YES;
				GCC_WARN_UNUSED_VARIABLE = YES;
				IPHONEOS_DEPLOYMENT_TARGET = 18.2;
				LOCALIZATION_PREFERS_STRING_CATALOGS = YES;
				MTL_ENABLE_DEBUG_INFO = NO;
				MTL_FAST_MATH = YES;
				SDKROOT = iphoneos;
				SWIFT_COMPILATION_MODE = wholemodule;
				VALIDATE_PRODUCT = YES;
			};
			name = Release;
		};
		CE7735202D4D6C6C00801637 /* Debug */ = {
			isa = XCBuildConfiguration;
			buildSettings = {
				ASSETCATALOG_COMPILER_APPICON_NAME = AppIcon;
				ASSETCATALOG_COMPILER_GLOBAL_ACCENT_COLOR_NAME = AccentColor;
				CODE_SIGN_STYLE = Automatic;
				CURRENT_PROJECT_VERSION = 1;
				DEVELOPMENT_ASSET_PATHS = "\"SwiftfulThinkingSPMsAndSDKs/Preview Content\"";
				DEVELOPMENT_TEAM = 56S6D7P45J;
				ENABLE_PREVIEWS = YES;
				GENERATE_INFOPLIST_FILE = YES;
				INFOPLIST_KEY_UIApplicationSceneManifest_Generation = YES;
				INFOPLIST_KEY_UIApplicationSupportsIndirectInputEvents = YES;
				INFOPLIST_KEY_UILaunchScreen_Generation = YES;
				INFOPLIST_KEY_UISupportedInterfaceOrientations_iPad = "UIInterfaceOrientationPortrait UIInterfaceOrientationPortraitUpsideDown UIInterfaceOrientationLandscapeLeft UIInterfaceOrientationLandscapeRight";
				INFOPLIST_KEY_UISupportedInterfaceOrientations_iPhone = "UIInterfaceOrientationPortrait UIInterfaceOrientationLandscapeLeft UIInterfaceOrientationLandscapeRight";
				LD_RUNPATH_SEARCH_PATHS = (
					"$(inherited)",
					"@executable_path/Frameworks",
				);
				MARKETING_VERSION = 1.0;
				PRODUCT_BUNDLE_IDENTIFIER = michael.SwiftfulThinkingSPMsAndSDKs;
				PRODUCT_NAME = "$(TARGET_NAME)";
				SWIFT_EMIT_LOC_STRINGS = YES;
				SWIFT_VERSION = 5.0;
				TARGETED_DEVICE_FAMILY = "1,2";
			};
			name = Debug;
		};
		CE7735212D4D6C6C00801637 /* Release */ = {
			isa = XCBuildConfiguration;
			buildSettings = {
				ASSETCATALOG_COMPILER_APPICON_NAME = AppIcon;
				ASSETCATALOG_COMPILER_GLOBAL_ACCENT_COLOR_NAME = AccentColor;
				CODE_SIGN_STYLE = Automatic;
				CURRENT_PROJECT_VERSION = 1;
				DEVELOPMENT_ASSET_PATHS = "\"SwiftfulThinkingSPMsAndSDKs/Preview Content\"";
				DEVELOPMENT_TEAM = 56S6D7P45J;
				ENABLE_PREVIEWS = YES;
				GENERATE_INFOPLIST_FILE = YES;
				INFOPLIST_KEY_UIApplicationSceneManifest_Generation = YES;
				INFOPLIST_KEY_UIApplicationSupportsIndirectInputEvents = YES;
				INFOPLIST_KEY_UILaunchScreen_Generation = YES;
				INFOPLIST_KEY_UISupportedInterfaceOrientations_iPad = "UIInterfaceOrientationPortrait UIInterfaceOrientationPortraitUpsideDown UIInterfaceOrientationLandscapeLeft UIInterfaceOrientationLandscapeRight";
				INFOPLIST_KEY_UISupportedInterfaceOrientations_iPhone = "UIInterfaceOrientationPortrait UIInterfaceOrientationLandscapeLeft UIInterfaceOrientationLandscapeRight";
				LD_RUNPATH_SEARCH_PATHS = (
					"$(inherited)",
					"@executable_path/Frameworks",
				);
				MARKETING_VERSION = 1.0;
				PRODUCT_BUNDLE_IDENTIFIER = michael.SwiftfulThinkingSPMsAndSDKs;
				PRODUCT_NAME = "$(TARGET_NAME)";
				SWIFT_EMIT_LOC_STRINGS = YES;
				SWIFT_VERSION = 5.0;
				TARGETED_DEVICE_FAMILY = "1,2";
			};
			name = Release;
		};
		CE7735232D4D6C6C00801637 /* Debug */ = {
			isa = XCBuildConfiguration;
			buildSettings = {
				BUNDLE_LOADER = "$(TEST_HOST)";
				CODE_SIGN_STYLE = Automatic;
				CURRENT_PROJECT_VERSION = 1;
				DEVELOPMENT_TEAM = 56S6D7P45J;
				GENERATE_INFOPLIST_FILE = YES;
				IPHONEOS_DEPLOYMENT_TARGET = 18.2;
				MARKETING_VERSION = 1.0;
				PRODUCT_BUNDLE_IDENTIFIER = michael.SwiftfulThinkingSPMsAndSDKsTests;
				PRODUCT_NAME = "$(TARGET_NAME)";
				SWIFT_EMIT_LOC_STRINGS = NO;
				SWIFT_VERSION = 5.0;
				TARGETED_DEVICE_FAMILY = "1,2";
				TEST_HOST = "$(BUILT_PRODUCTS_DIR)/SwiftfulThinkingSPMsAndSDKs.app/$(BUNDLE_EXECUTABLE_FOLDER_PATH)/SwiftfulThinkingSPMsAndSDKs";
			};
			name = Debug;
		};
		CE7735242D4D6C6C00801637 /* Release */ = {
			isa = XCBuildConfiguration;
			buildSettings = {
				BUNDLE_LOADER = "$(TEST_HOST)";
				CODE_SIGN_STYLE = Automatic;
				CURRENT_PROJECT_VERSION = 1;
				DEVELOPMENT_TEAM = 56S6D7P45J;
				GENERATE_INFOPLIST_FILE = YES;
				IPHONEOS_DEPLOYMENT_TARGET = 18.2;
				MARKETING_VERSION = 1.0;
				PRODUCT_BUNDLE_IDENTIFIER = michael.SwiftfulThinkingSPMsAndSDKsTests;
				PRODUCT_NAME = "$(TARGET_NAME)";
				SWIFT_EMIT_LOC_STRINGS = NO;
				SWIFT_VERSION = 5.0;
				TARGETED_DEVICE_FAMILY = "1,2";
				TEST_HOST = "$(BUILT_PRODUCTS_DIR)/SwiftfulThinkingSPMsAndSDKs.app/$(BUNDLE_EXECUTABLE_FOLDER_PATH)/SwiftfulThinkingSPMsAndSDKs";
			};
			name = Release;
		};
		CE7735262D4D6C6C00801637 /* Debug */ = {
			isa = XCBuildConfiguration;
			buildSettings = {
				CODE_SIGN_STYLE = Automatic;
				CURRENT_PROJECT_VERSION = 1;
				DEVELOPMENT_TEAM = 56S6D7P45J;
				GENERATE_INFOPLIST_FILE = YES;
				MARKETING_VERSION = 1.0;
				PRODUCT_BUNDLE_IDENTIFIER = michael.SwiftfulThinkingSPMsAndSDKsUITests;
				PRODUCT_NAME = "$(TARGET_NAME)";
				SWIFT_EMIT_LOC_STRINGS = NO;
				SWIFT_VERSION = 5.0;
				TARGETED_DEVICE_FAMILY = "1,2";
				TEST_TARGET_NAME = SwiftfulThinkingSPMsAndSDKs;
			};
			name = Debug;
		};
		CE7735272D4D6C6C00801637 /* Release */ = {
			isa = XCBuildConfiguration;
			buildSettings = {
				CODE_SIGN_STYLE = Automatic;
				CURRENT_PROJECT_VERSION = 1;
				DEVELOPMENT_TEAM = 56S6D7P45J;
				GENERATE_INFOPLIST_FILE = YES;
				MARKETING_VERSION = 1.0;
				PRODUCT_BUNDLE_IDENTIFIER = michael.SwiftfulThinkingSPMsAndSDKsUITests;
				PRODUCT_NAME = "$(TARGET_NAME)";
				SWIFT_EMIT_LOC_STRINGS = NO;
				SWIFT_VERSION = 5.0;
				TARGETED_DEVICE_FAMILY = "1,2";
				TEST_TARGET_NAME = SwiftfulThinkingSPMsAndSDKs;
			};
			name = Release;
		};
/* End XCBuildConfiguration section */

/* Begin XCConfigurationList section */
		CE7734F62D4D6C6A00801637 /* Build configuration list for PBXProject "SwiftfulThinkingSPMsAndSDKs" */ = {
			isa = XCConfigurationList;
			buildConfigurations = (
				CE77351D2D4D6C6C00801637 /* Debug */,
				CE77351E2D4D6C6C00801637 /* Release */,
			);
			defaultConfigurationIsVisible = 0;
			defaultConfigurationName = Release;
		};
		CE77351F2D4D6C6C00801637 /* Build configuration list for PBXNativeTarget "SwiftfulThinkingSPMsAndSDKs" */ = {
			isa = XCConfigurationList;
			buildConfigurations = (
				CE7735202D4D6C6C00801637 /* Debug */,
				CE7735212D4D6C6C00801637 /* Release */,
			);
			defaultConfigurationIsVisible = 0;
			defaultConfigurationName = Release;
		};
		CE7735222D4D6C6C00801637 /* Build configuration list for PBXNativeTarget "SwiftfulThinkingSPMsAndSDKsTests" */ = {
			isa = XCConfigurationList;
			buildConfigurations = (
				CE7735232D4D6C6C00801637 /* Debug */,
				CE7735242D4D6C6C00801637 /* Release */,
			);
			defaultConfigurationIsVisible = 0;
			defaultConfigurationName = Release;
		};
		CE7735252D4D6C6C00801637 /* Build configuration list for PBXNativeTarget "SwiftfulThinkingSPMsAndSDKsUITests" */ = {
			isa = XCConfigurationList;
			buildConfigurations = (
				CE7735262D4D6C6C00801637 /* Debug */,
				CE7735272D4D6C6C00801637 /* Release */,
			);
			defaultConfigurationIsVisible = 0;
			defaultConfigurationName = Release;
		};
/* End XCConfigurationList section */

/* Begin XCRemoteSwiftPackageReference section */
		CE7735282D4D6F4E00801637 /* XCRemoteSwiftPackageReference "SDWebImageSwiftUI" */ = {
			isa = XCRemoteSwiftPackageReference;
			repositoryURL = "https://github.com/SDWebImage/SDWebImageSwiftUI.git";
			requirement = {
				kind = upToNextMajorVersion;
				minimumVersion = 3.1.3;
			};
		};
		CEB4E3C32D4D8B8D000A45F9 /* XCRemoteSwiftPackageReference "Kingfisher" */ = {
			isa = XCRemoteSwiftPackageReference;
			repositoryURL = "https://github.com/onevcat/Kingfisher.git";
			requirement = {
				kind = upToNextMajorVersion;
				minimumVersion = 8.1.4;
			};
		};
/* End XCRemoteSwiftPackageReference section */

/* Begin XCSwiftPackageProductDependency section */
		CE7735292D4D6F4E00801637 /* SDWebImageSwiftUI */ = {
			isa = XCSwiftPackageProductDependency;
			package = CE7735282D4D6F4E00801637 /* XCRemoteSwiftPackageReference "SDWebImageSwiftUI" */;
			productName = SDWebImageSwiftUI;
		};
		CEB4E3C42D4D8B8D000A45F9 /* Kingfisher */ = {
			isa = XCSwiftPackageProductDependency;
			package = CEB4E3C32D4D8B8D000A45F9 /* XCRemoteSwiftPackageReference "Kingfisher" */;
			productName = Kingfisher;
		};
/* End XCSwiftPackageProductDependency section */
	};
	rootObject = CE7734F32D4D6C6A00801637 /* Project object */;
}
